
Microsoft Visual Studio Solution File, Format Version 12.00
# Visual Studio Version 17
VisualStudioVersion = 17.14.36511.14
MinimumVisualStudioVersion = 10.0.40219.1
Project("{FAE04EC0-301F-11D3-BF4B-00C04F79EFBC}") = "CSharpLearning", "CSharpLearning.csproj", "{42EE0184-7CCA-44B8-9180-AC029237631B}"
EndProject
Project("{FAE04EC0-301F-11D3-BF4B-00C04F79EFBC}") = "CSharpLearning.Tests", "..\CSharpLearning.Tests\CSharpLearning.Tests.csproj", "{0F524E7E-F3D9-4B75-A8F4-116D3396E3B2}"
EndProject
Global
	GlobalSection(SolutionConfigurationPlatforms) = preSolution
		Debug|Any CPU = Debug|Any CPU
		Release|Any CPU = Release|Any CPU
	EndGlobalSection
	GlobalSection(ProjectConfigurationPlatforms) = postSolution
		{42EE0184-7CCA-44B8-9180-AC029237631B}.Debug|Any CPU.ActiveCfg = Debug|Any CPU
		{42EE0184-7CCA-44B8-9180-AC029237631B}.Debug|Any CPU.Build.0 = Debug|Any CPU
		{42EE0184-7CCA-44B8-9180-AC029237631B}.Release|Any CPU.ActiveCfg = Release|Any CPU
		{42EE0184-7CCA-44B8-9180-AC029237631B}.Release|Any CPU.Build.0 = Release|Any CPU
		{0F524E7E-F3D9-4B75-A8F4-116D3396E3B2}.Debug|Any CPU.ActiveCfg = Debug|Any CPU
		{0F524E7E-F3D9-4B75-A8F4-116D3396E3B2}.Debug|Any CPU.Build.0 = Debug|Any CPU
		{0F524E7E-F3D9-4B75-A8F4-116D3396E3B2}.Release|Any CPU.ActiveCfg = Release|Any CPU
		{0F524E7E-F3D9-4B75-A8F4-116D3396E3B2}.Release|Any CPU.Build.0 = Release|Any CPU
	EndGlobalSection
	GlobalSection(SolutionProperties) = preSolution
		HideSolutionNode = FALSE
	EndGlobalSection
	GlobalSection(ExtensibilityGlobals) = postSolution
		SolutionGuid = {B5AD732A-6FCD-4611-96B4-4A669F85AAD2}
	EndGlobalSection
EndGlobal
